
Microsoft Visual Studio Solution File, Format Version 12.00
# Visual Studio Version 16
VisualStudioVersion = 16.0.32106.194
MinimumVisualStudioVersion = 10.0.40219.1
Project("{FAE04EC0-301F-11D3-BF4B-00C04F79EFBC}") = "Taller2.2.11", "Taller2.2.11\Taller2.2.11.csproj", "{7009A3A6-EB8B-496E-A616-1DB1B4601B4C}"
EndProject
Global
	GlobalSection(SolutionConfigurationPlatforms) = preSolution
		Debug|Any CPU = Debug|Any CPU
		Release|Any CPU = Release|Any CPU
	EndGlobalSection
	GlobalSection(ProjectConfigurationPlatforms) = postSolution
		{7009A3A6-EB8B-496E-A616-1DB1B4601B4C}.Debug|Any CPU.ActiveCfg = Debug|Any CPU
		{7009A3A6-EB8B-496E-A616-1DB1B4601B4C}.Debug|Any CPU.Build.0 = Debug|Any CPU
		{7009A3A6-EB8B-496E-A616-1DB1B4601B4C}.Release|Any CPU.ActiveCfg = Release|Any CPU
		{7009A3A6-EB8B-496E-A616-1DB1B4601B4C}.Release|Any CPU.Build.0 = Release|Any CPU
	EndGlobalSection
	GlobalSection(SolutionProperties) = preSolution
		HideSolutionNode = FALSE
	EndGlobalSection
	GlobalSection(ExtensibilityGlobals) = postSolution
		SolutionGuid = {DBD4A9A4-53E7-4450-9D1E-2553CE72E6EF}
	EndGlobalSection
EndGlobal
