
Microsoft Visual Studio Solution File, Format Version 12.00
# Visual Studio Version 16
VisualStudioVersion = 16.0.32106.194
MinimumVisualStudioVersion = 10.0.40219.1
Project("{FAE04EC0-301F-11D3-BF4B-00C04F79EFBC}") = "Taller2.3", "Taller2.3\Taller2.3.csproj", "{8D1520A9-1B3B-411A-B845-20091C1A91D9}"
EndProject
Global
	GlobalSection(SolutionConfigurationPlatforms) = preSolution
		Debug|Any CPU = Debug|Any CPU
		Release|Any CPU = Release|Any CPU
	EndGlobalSection
	GlobalSection(ProjectConfigurationPlatforms) = postSolution
		{8D1520A9-1B3B-411A-B845-20091C1A91D9}.Debug|Any CPU.ActiveCfg = Debug|Any CPU
		{8D1520A9-1B3B-411A-B845-20091C1A91D9}.Debug|Any CPU.Build.0 = Debug|Any CPU
		{8D1520A9-1B3B-411A-B845-20091C1A91D9}.Release|Any CPU.ActiveCfg = Release|Any CPU
		{8D1520A9-1B3B-411A-B845-20091C1A91D9}.Release|Any CPU.Build.0 = Release|Any CPU
	EndGlobalSection
	GlobalSection(SolutionProperties) = preSolution
		HideSolutionNode = FALSE
	EndGlobalSection
	GlobalSection(ExtensibilityGlobals) = postSolution
		SolutionGuid = {F29C8AC8-516E-4C94-867C-B6B3836DF1F3}
	EndGlobalSection
EndGlobal
