
Microsoft Visual Studio Solution File, Format Version 12.00
# Visual Studio Version 16
VisualStudioVersion = 16.0.32106.194
MinimumVisualStudioVersion = 10.0.40219.1
Project("{FAE04EC0-301F-11D3-BF4B-00C04F79EFBC}") = "Taller2.2.4", "Taller2.2.4\Taller2.2.4.csproj", "{296B27E2-E353-45FD-A5CB-4B9D991C8502}"
EndProject
Global
	GlobalSection(SolutionConfigurationPlatforms) = preSolution
		Debug|Any CPU = Debug|Any CPU
		Release|Any CPU = Release|Any CPU
	EndGlobalSection
	GlobalSection(ProjectConfigurationPlatforms) = postSolution
		{296B27E2-E353-45FD-A5CB-4B9D991C8502}.Debug|Any CPU.ActiveCfg = Debug|Any CPU
		{296B27E2-E353-45FD-A5CB-4B9D991C8502}.Debug|Any CPU.Build.0 = Debug|Any CPU
		{296B27E2-E353-45FD-A5CB-4B9D991C8502}.Release|Any CPU.ActiveCfg = Release|Any CPU
		{296B27E2-E353-45FD-A5CB-4B9D991C8502}.Release|Any CPU.Build.0 = Release|Any CPU
	EndGlobalSection
	GlobalSection(SolutionProperties) = preSolution
		HideSolutionNode = FALSE
	EndGlobalSection
	GlobalSection(ExtensibilityGlobals) = postSolution
		SolutionGuid = {A0E2D777-F4D4-41FE-8C57-F019CD84B3D9}
	EndGlobalSection
EndGlobal
