
Microsoft Visual Studio Solution File, Format Version 12.00
# Visual Studio Version 16
VisualStudioVersion = 16.0.32106.194
MinimumVisualStudioVersion = 10.0.40219.1
Project("{FAE04EC0-301F-11D3-BF4B-00C04F79EFBC}") = "Taller1.3", "Taller1.3\Taller1.3.csproj", "{59220888-96D5-4B56-BB66-D5618A23178C}"
EndProject
Global
	GlobalSection(SolutionConfigurationPlatforms) = preSolution
		Debug|Any CPU = Debug|Any CPU
		Release|Any CPU = Release|Any CPU
	EndGlobalSection
	GlobalSection(ProjectConfigurationPlatforms) = postSolution
		{59220888-96D5-4B56-BB66-D5618A23178C}.Debug|Any CPU.ActiveCfg = Debug|Any CPU
		{59220888-96D5-4B56-BB66-D5618A23178C}.Debug|Any CPU.Build.0 = Debug|Any CPU
		{59220888-96D5-4B56-BB66-D5618A23178C}.Release|Any CPU.ActiveCfg = Release|Any CPU
		{59220888-96D5-4B56-BB66-D5618A23178C}.Release|Any CPU.Build.0 = Release|Any CPU
	EndGlobalSection
	GlobalSection(SolutionProperties) = preSolution
		HideSolutionNode = FALSE
	EndGlobalSection
	GlobalSection(ExtensibilityGlobals) = postSolution
		SolutionGuid = {A12C30F7-CF15-4071-A352-A994C90A0ACE}
	EndGlobalSection
EndGlobal
