
Microsoft Visual Studio Solution File, Format Version 12.00
# Visual Studio Version 16
VisualStudioVersion = 16.0.32106.194
MinimumVisualStudioVersion = 10.0.40219.1
Project("{FAE04EC0-301F-11D3-BF4B-00C04F79EFBC}") = "Taller2.2.14", "Taller2.2.14\Taller2.2.14.csproj", "{B7208EA1-5AFC-463B-9A90-A9609D967BC5}"
EndProject
Global
	GlobalSection(SolutionConfigurationPlatforms) = preSolution
		Debug|Any CPU = Debug|Any CPU
		Release|Any CPU = Release|Any CPU
	EndGlobalSection
	GlobalSection(ProjectConfigurationPlatforms) = postSolution
		{B7208EA1-5AFC-463B-9A90-A9609D967BC5}.Debug|Any CPU.ActiveCfg = Debug|Any CPU
		{B7208EA1-5AFC-463B-9A90-A9609D967BC5}.Debug|Any CPU.Build.0 = Debug|Any CPU
		{B7208EA1-5AFC-463B-9A90-A9609D967BC5}.Release|Any CPU.ActiveCfg = Release|Any CPU
		{B7208EA1-5AFC-463B-9A90-A9609D967BC5}.Release|Any CPU.Build.0 = Release|Any CPU
	EndGlobalSection
	GlobalSection(SolutionProperties) = preSolution
		HideSolutionNode = FALSE
	EndGlobalSection
	GlobalSection(ExtensibilityGlobals) = postSolution
		SolutionGuid = {2D657BF2-42E8-4D9F-91EB-07087AED963A}
	EndGlobalSection
EndGlobal
