
Microsoft Visual Studio Solution File, Format Version 12.00
# Visual Studio Version 16
VisualStudioVersion = 16.0.32106.194
MinimumVisualStudioVersion = 10.0.40219.1
Project("{FAE04EC0-301F-11D3-BF4B-00C04F79EFBC}") = "Taller1.14", "Taller1.14\Taller1.14.csproj", "{5EA8A939-0FA7-4BFC-B3B1-180A0ECACD13}"
EndProject
Global
	GlobalSection(SolutionConfigurationPlatforms) = preSolution
		Debug|Any CPU = Debug|Any CPU
		Release|Any CPU = Release|Any CPU
	EndGlobalSection
	GlobalSection(ProjectConfigurationPlatforms) = postSolution
		{5EA8A939-0FA7-4BFC-B3B1-180A0ECACD13}.Debug|Any CPU.ActiveCfg = Debug|Any CPU
		{5EA8A939-0FA7-4BFC-B3B1-180A0ECACD13}.Debug|Any CPU.Build.0 = Debug|Any CPU
		{5EA8A939-0FA7-4BFC-B3B1-180A0ECACD13}.Release|Any CPU.ActiveCfg = Release|Any CPU
		{5EA8A939-0FA7-4BFC-B3B1-180A0ECACD13}.Release|Any CPU.Build.0 = Release|Any CPU
	EndGlobalSection
	GlobalSection(SolutionProperties) = preSolution
		HideSolutionNode = FALSE
	EndGlobalSection
	GlobalSection(ExtensibilityGlobals) = postSolution
		SolutionGuid = {0CFB61E4-D411-43FC-A48B-BAA2936F4068}
	EndGlobalSection
EndGlobal
