
Microsoft Visual Studio Solution File, Format Version 12.00
# Visual Studio Version 16
VisualStudioVersion = 16.0.32106.194
MinimumVisualStudioVersion = 10.0.40219.1
Project("{FAE04EC0-301F-11D3-BF4B-00C04F79EFBC}") = "Taller1.15", "Taller1.15\Taller1.15.csproj", "{3909434D-8EB3-4C17-BC5A-DDDDB0630A41}"
EndProject
Global
	GlobalSection(SolutionConfigurationPlatforms) = preSolution
		Debug|Any CPU = Debug|Any CPU
		Release|Any CPU = Release|Any CPU
	EndGlobalSection
	GlobalSection(ProjectConfigurationPlatforms) = postSolution
		{3909434D-8EB3-4C17-BC5A-DDDDB0630A41}.Debug|Any CPU.ActiveCfg = Debug|Any CPU
		{3909434D-8EB3-4C17-BC5A-DDDDB0630A41}.Debug|Any CPU.Build.0 = Debug|Any CPU
		{3909434D-8EB3-4C17-BC5A-DDDDB0630A41}.Release|Any CPU.ActiveCfg = Release|Any CPU
		{3909434D-8EB3-4C17-BC5A-DDDDB0630A41}.Release|Any CPU.Build.0 = Release|Any CPU
	EndGlobalSection
	GlobalSection(SolutionProperties) = preSolution
		HideSolutionNode = FALSE
	EndGlobalSection
	GlobalSection(ExtensibilityGlobals) = postSolution
		SolutionGuid = {38CB864E-F64E-4165-B53F-4C5E9D8B3ACA}
	EndGlobalSection
EndGlobal
