
Microsoft Visual Studio Solution File, Format Version 12.00
# Visual Studio Version 16
VisualStudioVersion = 16.0.32106.194
MinimumVisualStudioVersion = 10.0.40219.1
Project("{FAE04EC0-301F-11D3-BF4B-00C04F79EFBC}") = "Taller1.23", "Taller1.23\Taller1.23.csproj", "{DE4BB7B5-F68D-4F2F-B802-45D11FF2D9A8}"
EndProject
Global
	GlobalSection(SolutionConfigurationPlatforms) = preSolution
		Debug|Any CPU = Debug|Any CPU
		Release|Any CPU = Release|Any CPU
	EndGlobalSection
	GlobalSection(ProjectConfigurationPlatforms) = postSolution
		{DE4BB7B5-F68D-4F2F-B802-45D11FF2D9A8}.Debug|Any CPU.ActiveCfg = Debug|Any CPU
		{DE4BB7B5-F68D-4F2F-B802-45D11FF2D9A8}.Debug|Any CPU.Build.0 = Debug|Any CPU
		{DE4BB7B5-F68D-4F2F-B802-45D11FF2D9A8}.Release|Any CPU.ActiveCfg = Release|Any CPU
		{DE4BB7B5-F68D-4F2F-B802-45D11FF2D9A8}.Release|Any CPU.Build.0 = Release|Any CPU
	EndGlobalSection
	GlobalSection(SolutionProperties) = preSolution
		HideSolutionNode = FALSE
	EndGlobalSection
	GlobalSection(ExtensibilityGlobals) = postSolution
		SolutionGuid = {341B4B7A-4CC2-49D2-8D32-F342E99EE383}
	EndGlobalSection
EndGlobal
